// !$*UTF8*$!
{
	archiveVersion = 1;
	classes = {
	};
	objectVersion = 77;
	objects = {

/* Begin PBXContainerItemProxy section */
		DD2A33002F4B356A00B6F845 /* PBXContainerItemProxy */ = {
			isa = PBXContainerItemProxy;
			containerPortal = DD2A32E82F4B356900B6F845 /* Project object */;
			proxyType = 1;
			remoteGlobalIDString = DD2A32EF2F4B356900B6F845;
			remoteInfo = "Travel-hub";
		};
		DD2A330A2F4B356A00B6F845 /* PBXContainerItemProxy */ = {
			isa = PBXContainerItemProxy;
			containerPortal = DD2A32E82F4B356900B6F845 /* Project object */;
			proxyType = 1;
			remoteGlobalIDString = DD2A32EF2F4B356900B6F845;
			remoteInfo = "Travel-hub";
		};
/* End PBXContainerItemProxy section */

/* Begin PBXFileReference section */
		DD2A32F02F4B356900B6F845 /* Travel-hub.app */ = {isa = PBXFileReference; explicitFileType = wrapper.application; includeInIndex = 0; path = "Travel-hub.app"; sourceTree = BUILT_PRODUCTS_DIR; };
		DD2A32FF2F4B356A00B6F845 /* Travel-hubTests.xctest */ = {isa = PBXFileReference; explicitFileType = wrapper.cfbundle; includeInIndex = 0; path = "Travel-hubTests.xctest"; sourceTree = BUILT_PRODUCTS_DIR; };
		DD2A33092F4B356A00B6F845 /* Travel-hubUITests.xctest */ = {isa = PBXFileReference; explicitFileType = wrapper.cfbundle; includeInIndex = 0; path = "Travel-hubUITests.xctest"; sourceTree = BUILT_PRODUCTS_DIR; };
/* End PBXFileReference section */

/* Begin PBXFileSystemSynchronizedBuildFileExceptionSet section */
		DD2A33E72F4B368800B6F845 /* Exceptions for "Travel-hub" folder in "Travel-hubTests" target */ = {
			isa = PBXFileSystemSynchronizedBuildFileExceptionSet;
			membershipExceptions = (
				Travelhub.swift/Assets.xcassets,
				Travelhub.swift/Components/ChatBubbleView.swift,
				Travelhub.swift/Components/ColorExtension.swift,
				Travelhub.swift/Components/ExpenseRowView.swift,
				Travelhub.swift/Components/StarRatingView.swift,
				Travelhub.swift/Components/TripCardView.swift,
				Travelhub.swift/Components/UserAvatarView.swift,
				Travelhub.swift/ContentView.swift,
				Travelhub.swift/Item.swift,
				Travelhub.swift/Models/Agreement.swift,
				Travelhub.swift/Models/BudgetExpense.swift,
				Travelhub.swift/Models/ChatMessage.swift,
				Travelhub.swift/Models/Friend.swift,
				Travelhub.swift/Models/LoginView.swift,
				Travelhub.swift/Models/Notification.swift,
				Travelhub.swift/Models/Poll.swift,
				Travelhub.swift/Models/RegisterView.swift,
				Travelhub.swift/Models/RouteLocation.swift,
				Travelhub.swift/Models/Trip.swift,
				Travelhub.swift/Models/TripMember.swift,
				Travelhub.swift/Models/User.swift,
				Travelhub.swift/TravelhubApp.swift,
				Travelhub.swift/ViewModels/BudgetViewModel.swift,
				Travelhub.swift/ViewModels/ChatViewModel.swift,
				Travelhub.swift/ViewModels/DashboardViewModel.swift,
				Travelhub.swift/ViewModels/FriendsViewModel.swift,
				Travelhub.swift/ViewModels/TripsViewModel.swift,
				Travelhub.swift/Views/AddFriendView.swift,
				Travelhub.swift/Views/AgreementsView.swift,
				Travelhub.swift/Views/BudgetView.swift,
				Travelhub.swift/Views/ChatListView.swift,
				Travelhub.swift/Views/ChatView.swift,
				Travelhub.swift/Views/CreateTripView.swift,
				Travelhub.swift/Views/DashboardView.swift,
				Travelhub.swift/Views/FriendsView.swift,
				Travelhub.swift/Views/GroupManagementView.swift,
				Travelhub.swift/Views/HotelView.swift,
				Travelhub.swift/Views/MainTabView.swift,
				Travelhub.swift/Views/PacklisteView.swift,
				Travelhub.swift/Views/PhotoSharingView.swift,
				Travelhub.swift/Views/ProfileView.swift,
				Travelhub.swift/Views/SearchHubView.swift,
				Travelhub.swift/Views/TravelTipsView.swift,
				Travelhub.swift/Views/TripDetailView.swift,
				Travelhub.swift/Views/TripsListView.swift,
				Travelhub.swift/Views/VotingView.swift,
				TravelhubTests/TravelhubTests.swift,
				TravelhubTests/TravelhubXCTests.swift,
				TravelhubUITests/BudgetCategoryStyle.swift,
				TravelhubUITests/TravelhubUITests.swift,
				TravelhubUITests/TravelhubUITestsLaunchTests.swift,
			);
			target = DD2A32FE2F4B356A00B6F845 /* Travel-hubTests */;
		};
		DD2A33E82F4B368800B6F845 /* Exceptions for "Travel-hub" folder in "Travel-hubUITests" target */ = {
			isa = PBXFileSystemSynchronizedBuildFileExceptionSet;
			membershipExceptions = (
				Travelhub.swift/Assets.xcassets,
				Travelhub.swift/Components/ChatBubbleView.swift,
				Travelhub.swift/Components/ColorExtension.swift,
				Travelhub.swift/Components/ExpenseRowView.swift,
				Travelhub.swift/Components/StarRatingView.swift,
				Travelhub.swift/Components/TripCardView.swift,
				Travelhub.swift/Components/UserAvatarView.swift,
				Travelhub.swift/ContentView.swift,
				Travelhub.swift/Item.swift,
				Travelhub.swift/Models/Agreement.swift,
				Travelhub.swift/Models/BudgetExpense.swift,
				Travelhub.swift/Models/ChatMessage.swift,
				Travelhub.swift/Models/Friend.swift,
				Travelhub.swift/Models/LoginView.swift,
				Travelhub.swift/Models/Notification.swift,
				Travelhub.swift/Models/Poll.swift,
				Travelhub.swift/Models/RegisterView.swift,
				Travelhub.swift/Models/RouteLocation.swift,
				Travelhub.swift/Models/Trip.swift,
				Travelhub.swift/Models/TripMember.swift,
				Travelhub.swift/Models/User.swift,
				Travelhub.swift/TravelhubApp.swift,
				Travelhub.swift/ViewModels/BudgetViewModel.swift,
				Travelhub.swift/ViewModels/ChatViewModel.swift,
				Travelhub.swift/ViewModels/DashboardViewModel.swift,
				Travelhub.swift/ViewModels/FriendsViewModel.swift,
				Travelhub.swift/ViewModels/TripsViewModel.swift,
				Travelhub.swift/Views/AddFriendView.swift,
				Travelhub.swift/Views/AgreementsView.swift,
				Travelhub.swift/Views/BudgetView.swift,
				Travelhub.swift/Views/ChatListView.swift,
				Travelhub.swift/Views/ChatView.swift,
				Travelhub.swift/Views/CreateTripView.swift,
				Travelhub.swift/Views/DashboardView.swift,
				Travelhub.swift/Views/FriendsView.swift,
				Travelhub.swift/Views/GroupManagementView.swift,
				Travelhub.swift/Views/HotelView.swift,
				Travelhub.swift/Views/MainTabView.swift,
				Travelhub.swift/Views/PacklisteView.swift,
				Travelhub.swift/Views/PhotoSharingView.swift,
				Travelhub.swift/Views/ProfileView.swift,
				Travelhub.swift/Views/SearchHubView.swift,
				Travelhub.swift/Views/TravelTipsView.swift,
				Travelhub.swift/Views/TripDetailView.swift,
				Travelhub.swift/Views/TripsListView.swift,
				Travelhub.swift/Views/VotingView.swift,
				TravelhubTests/TravelhubTests.swift,
				TravelhubTests/TravelhubXCTests.swift,
				TravelhubUITests/BudgetCategoryStyle.swift,
				TravelhubUITests/TravelhubUITests.swift,
				TravelhubUITests/TravelhubUITestsLaunchTests.swift,
			);
			target = DD2A33082F4B356A00B6F845 /* Travel-hubUITests */;
		};
/* End PBXFileSystemSynchronizedBuildFileExceptionSet section */

/* Begin PBXFileSystemSynchronizedRootGroup section */
		DD2A32F22F4B356900B6F845 /* Travel-hub */ = {
			isa = PBXFileSystemSynchronizedRootGroup;
			exceptions = (
				DD2A33E72F4B368800B6F845 /* Exceptions for "Travel-hub" folder in "Travel-hubTests" target */,
				DD2A33E82F4B368800B6F845 /* Exceptions for "Travel-hub" folder in "Travel-hubUITests" target */,
			);
			path = "Travel-hub";
			sourceTree = "<group>";
		};
/* End PBXFileSystemSynchronizedRootGroup section */

/* Begin PBXFrameworksBuildPhase section */
		DD2A32ED2F4B356900B6F845 /* Frameworks */ = {
			isa = PBXFrameworksBuildPhase;
			buildActionMask = 2147483647;
			files = (
			);
			runOnlyForDeploymentPostprocessing = 0;
		};
		DD2A32FC2F4B356A00B6F845 /* Frameworks */ = {
			isa = PBXFrameworksBuildPhase;
			buildActionMask = 2147483647;
			files = (
			);
			runOnlyForDeploymentPostprocessing = 0;
		};
		DD2A33062F4B356A00B6F845 /* Frameworks */ = {
			isa = PBXFrameworksBuildPhase;
			buildActionMask = 2147483647;
			files = (
			);
			runOnlyForDeploymentPostprocessing = 0;
		};
/* End PBXFrameworksBuildPhase section */

/* Begin PBXGroup section */
		DD2A32E72F4B356900B6F845 = {
			isa = PBXGroup;
			children = (
				DD2A32F22F4B356900B6F845 /* Travel-hub */,
				DD2A32F12F4B356900B6F845 /* Products */,
			);
			sourceTree = "<group>";
		};
		DD2A32F12F4B356900B6F845 /* Products */ = {
			isa = PBXGroup;
			children = (
				DD2A32F02F4B356900B6F845 /* Travel-hub.app */,
				DD2A32FF2F4B356A00B6F845 /* Travel-hubTests.xctest */,
				DD2A33092F4B356A00B6F845 /* Travel-hubUITests.xctest */,
			);
			name = Products;
			sourceTree = "<group>";
		};
/* End PBXGroup section */

/* Begin PBXNativeTarget section */
		DD2A32EF2F4B356900B6F845 /* Travel-hub */ = {
			isa = PBXNativeTarget;
			buildConfigurationList = DD2A33132F4B356A00B6F845 /* Build configuration list for PBXNativeTarget "Travel-hub" */;
			buildPhases = (
				DD2A32EC2F4B356900B6F845 /* Sources */,
				DD2A32ED2F4B356900B6F845 /* Frameworks */,
				DD2A32EE2F4B356900B6F845 /* Resources */,
			);
			buildRules = (
			);
			dependencies = (
			);
			fileSystemSynchronizedGroups = (
				DD2A32F22F4B356900B6F845 /* Travel-hub */,
			);
			name = "Travel-hub";
			packageProductDependencies = (
			);
			productName = "Travel-hub";
			productReference = DD2A32F02F4B356900B6F845 /* Travel-hub.app */;
			productType = "com.apple.product-type.application";
		};
		DD2A32FE2F4B356A00B6F845 /* Travel-hubTests */ = {
			isa = PBXNativeTarget;
			buildConfigurationList = DD2A33162F4B356A00B6F845 /* Build configuration list for PBXNativeTarget "Travel-hubTests" */;
			buildPhases = (
				DD2A32FB2F4B356A00B6F845 /* Sources */,
				DD2A32FC2F4B356A00B6F845 /* Frameworks */,
				DD2A32FD2F4B356A00B6F845 /* Resources */,
			);
			buildRules = (
			);
			dependencies = (
				DD2A33012F4B356A00B6F845 /* PBXTargetDependency */,
			);
			name = "Travel-hubTests";
			packageProductDependencies = (
			);
			productName = "Travel-hubTests";
			productReference = DD2A32FF2F4B356A00B6F845 /* Travel-hubTests.xctest */;
			productType = "com.apple.product-type.bundle.unit-test";
		};
		DD2A33082F4B356A00B6F845 /* Travel-hubUITests */ = {
			isa = PBXNativeTarget;
			buildConfigurationList = DD2A33192F4B356A00B6F845 /* Build configuration list for PBXNativeTarget "Travel-hubUITests" */;
			buildPhases = (
				DD2A33052F4B356A00B6F845 /* Sources */,
				DD2A33062F4B356A00B6F845 /* Frameworks */,
				DD2A33072F4B356A00B6F845 /* Resources */,
			);
			buildRules = (
			);
			dependencies = (
				DD2A330B2F4B356A00B6F845 /* PBXTargetDependency */,
			);
			name = "Travel-hubUITests";
			packageProductDependencies = (
			);
			productName = "Travel-hubUITests";
			productReference = DD2A33092F4B356A00B6F845 /* Travel-hubUITests.xctest */;
			productType = "com.apple.product-type.bundle.ui-testing";
		};
/* End PBXNativeTarget section */

/* Begin PBXProject section */
		DD2A32E82F4B356900B6F845 /* Project object */ = {
			isa = PBXProject;
			attributes = {
				BuildIndependentTargetsInParallel = 1;
				LastSwiftUpdateCheck = 2620;
				LastUpgradeCheck = 2620;
				TargetAttributes = {
					DD2A32EF2F4B356900B6F845 = {
						CreatedOnToolsVersion = 26.2;
					};
					DD2A32FE2F4B356A00B6F845 = {
						CreatedOnToolsVersion = 26.2;
						TestTargetID = DD2A32EF2F4B356900B6F845;
					};
					DD2A33082F4B356A00B6F845 = {
						CreatedOnToolsVersion = 26.2;
						TestTargetID = DD2A32EF2F4B356900B6F845;
					};
				};
			};
			buildConfigurationList = DD2A32EB2F4B356900B6F845 /* Build configuration list for PBXProject "Travel-hub" */;
			developmentRegion = en;
			hasScannedForEncodings = 0;
			knownRegions = (
				en,
				Base,
			);
			mainGroup = DD2A32E72F4B356900B6F845;
			minimizedProjectReferenceProxies = 1;
			preferredProjectObjectVersion = 77;
			productRefGroup = DD2A32F12F4B356900B6F845 /* Products */;
			projectDirPath = "";
			projectRoot = "";
			targets = (
				DD2A32EF2F4B356900B6F845 /* Travel-hub */,
				DD2A32FE2F4B356A00B6F845 /* Travel-hubTests */,
				DD2A33082F4B356A00B6F845 /* Travel-hubUITests */,
			);
		};
/* End PBXProject section */

/* Begin PBXResourcesBuildPhase section */
		DD2A32EE2F4B356900B6F845 /* Resources */ = {
			isa = PBXResourcesBuildPhase;
			buildActionMask = 2147483647;
			files = (
			);
			runOnlyForDeploymentPostprocessing = 0;
		};
		DD2A32FD2F4B356A00B6F845 /* Resources */ = {
			isa = PBXResourcesBuildPhase;
			buildActionMask = 2147483647;
			files = (
			);
			runOnlyForDeploymentPostprocessing = 0;
		};
		DD2A33072F4B356A00B6F845 /* Resources */ = {
			isa = PBXResourcesBuildPhase;
			buildActionMask = 2147483647;
			files = (
			);
			runOnlyForDeploymentPostprocessing = 0;
		};
/* End PBXResourcesBuildPhase section */

/* Begin PBXSourcesBuildPhase section */
		DD2A32EC2F4B356900B6F845 /* Sources */ = {
			isa = PBXSourcesBuildPhase;
			buildActionMask = 2147483647;
			files = (
			);
			runOnlyForDeploymentPostprocessing = 0;
		};
		DD2A32FB2F4B356A00B6F845 /* Sources */ = {
			isa = PBXSourcesBuildPhase;
			buildActionMask = 2147483647;
			files = (
			);
			runOnlyForDeploymentPostprocessing = 0;
		};
		DD2A33052F4B356A00B6F845 /* Sources */ = {
			isa = PBXSourcesBuildPhase;
			buildActionMask = 2147483647;
			files = (
			);
			runOnlyForDeploymentPostprocessing = 0;
		};
/* End PBXSourcesBuildPhase section */

/* Begin PBXTargetDependency section */
		DD2A33012F4B356A00B6F845 /* PBXTargetDependency */ = {
			isa = PBXTargetDependency;
			target = DD2A32EF2F4B356900B6F845 /* Travel-hub */;
			targetProxy = DD2A33002F4B356A00B6F845 /* PBXContainerItemProxy */;
		};
		DD2A330B2F4B356A00B6F845 /* PBXTargetDependency */ = {
			isa = PBXTargetDependency;
			target = DD2A32EF2F4B356900B6F845 /* Travel-hub */;
			targetProxy = DD2A330A2F4B356A00B6F845 /* PBXContainerItemProxy */;
		};
/* End PBXTargetDependency section */

/* Begin XCBuildConfiguration section */
		DD2A33112F4B356A00B6F845 /* Debug */ = {
			isa = XCBuildConfiguration;
			buildSettings = {
				ALWAYS_SEARCH_USER_PATHS = NO;
				ASSETCATALOG_COMPILER_GENERATE_SWIFT_ASSET_SYMBOL_EXTENSIONS = YES;
				CLANG_ANALYZER_NONNULL = YES;
				CLANG_ANALYZER_NUMBER_OBJECT_CONVERSION = YES_AGGRESSIVE;
				CLANG_CXX_LANGUAGE_STANDARD = "gnu++20";
				CLANG_ENABLE_MODULES = YES;
				CLANG_ENABLE_OBJC_ARC = YES;
				CLANG_ENABLE_OBJC_WEAK = YES;
				CLANG_WARN_BLOCK_CAPTURE_AUTORELEASING = YES;
				CLANG_WARN_BOOL_CONVERSION = YES;
				CLANG_WARN_COMMA = YES;
				CLANG_WARN_CONSTANT_CONVERSION = YES;
				CLANG_WARN_DEPRECATED_OBJC_IMPLEMENTATIONS = YES;
				CLANG_WARN_DIRECT_OBJC_ISA_USAGE = YES_ERROR;
				CLANG_WARN_DOCUMENTATION_COMMENTS = YES;
				CLANG_WARN_EMPTY_BODY = YES;
				CLANG_WARN_ENUM_CONVERSION = YES;
				CLANG_WARN_INFINITE_RECURSION = YES;
				CLANG_WARN_INT_CONVERSION = YES;
				CLANG_WARN_NON_LITERAL_NULL_CONVERSION = YES;
				CLANG_WARN_OBJC_IMPLICIT_RETAIN_SELF = YES;
				CLANG_WARN_OBJC_LITERAL_CONVERSION = YES;
				CLANG_WARN_OBJC_ROOT_CLASS = YES_ERROR;
				CLANG_WARN_QUOTED_INCLUDE_IN_FRAMEWORK_HEADER = YES;
				CLANG_WARN_RANGE_LOOP_ANALYSIS = YES;
				CLANG_WARN_STRICT_PROTOTYPES = YES;
				CLANG_WARN_SUSPICIOUS_MOVE = YES;
				CLANG_WARN_UNGUARDED_AVAILABILITY = YES_AGGRESSIVE;
				CLANG_WARN_UNREACHABLE_CODE = YES;
				CLANG_WARN__DUPLICATE_METHOD_MATCH = YES;
				COPY_PHASE_STRIP = NO;
				DEBUG_INFORMATION_FORMAT = dwarf;
				DEVELOPMENT_TEAM = 9YX9U5ZXNH;
				ENABLE_STRICT_OBJC_MSGSEND = YES;
				ENABLE_TESTABILITY = YES;
				ENABLE_USER_SCRIPT_SANDBOXING = YES;
				GCC_C_LANGUAGE_STANDARD = gnu17;
				GCC_DYNAMIC_NO_PIC = NO;
				GCC_NO_COMMON_BLOCKS = YES;
				GCC_OPTIMIZATION_LEVEL = 0;
				GCC_PREPROCESSOR_DEFINITIONS = (
					"DEBUG=1",
					"$(inherited)",
				);
				GCC_WARN_64_TO_32_BIT_CONVERSION = YES;
				GCC_WARN_ABOUT_RETURN_TYPE = YES_ERROR;
				GCC_WARN_UNDECLARED_SELECTOR = YES;
				GCC_WARN_UNINITIALIZED_AUTOS = YES_AGGRESSIVE;
				GCC_WARN_UNUSED_FUNCTION = YES;
				GCC_WARN_UNUSED_VARIABLE = YES;
				IPHONEOS_DEPLOYMENT_TARGET = 26.2;
				LOCALIZATION_PREFERS_STRING_CATALOGS = YES;
				MTL_ENABLE_DEBUG_INFO = INCLUDE_SOURCE;
				MTL_FAST_MATH = YES;
				ONLY_ACTIVE_ARCH = YES;
				SDKROOT = iphoneos;
				SWIFT_ACTIVE_COMPILATION_CONDITIONS = "DEBUG $(inherited)";
				SWIFT_OPTIMIZATION_LEVEL = "-Onone";
			};
			name = Debug;
		};
		DD2A33122F4B356A00B6F845 /* Release */ = {
			isa = XCBuildConfiguration;
			buildSettings = {
				ALWAYS_SEARCH_USER_PATHS = NO;
				ASSETCATALOG_COMPILER_GENERATE_SWIFT_ASSET_SYMBOL_EXTENSIONS = YES;
				CLANG_ANALYZER_NONNULL = YES;
				CLANG_ANALYZER_NUMBER_OBJECT_CONVERSION = YES_AGGRESSIVE;
				CLANG_CXX_LANGUAGE_STANDARD = "gnu++20";
				CLANG_ENABLE_MODULES = YES;
				CLANG_ENABLE_OBJC_ARC = YES;
				CLANG_ENABLE_OBJC_WEAK = YES;
				CLANG_WARN_BLOCK_CAPTURE_AUTORELEASING = YES;
				CLANG_WARN_BOOL_CONVERSION = YES;
				CLANG_WARN_COMMA = YES;
				CLANG_WARN_CONSTANT_CONVERSION = YES;
				CLANG_WARN_DEPRECATED_OBJC_IMPLEMENTATIONS = YES;
				CLANG_WARN_DIRECT_OBJC_ISA_USAGE = YES_ERROR;
				CLANG_WARN_DOCUMENTATION_COMMENTS = YES;
				CLANG_WARN_EMPTY_BODY = YES;
				CLANG_WARN_ENUM_CONVERSION = YES;
				CLANG_WARN_INFINITE_RECURSION = YES;
				CLANG_WARN_INT_CONVERSION = YES;
				CLANG_WARN_NON_LITERAL_NULL_CONVERSION = YES;
				CLANG_WARN_OBJC_IMPLICIT_RETAIN_SELF = YES;
				CLANG_WARN_OBJC_LITERAL_CONVERSION = YES;
				CLANG_WARN_OBJC_ROOT_CLASS = YES_ERROR;
				CLANG_WARN_QUOTED_INCLUDE_IN_FRAMEWORK_HEADER = YES;
				CLANG_WARN_RANGE_LOOP_ANALYSIS = YES;
				CLANG_WARN_STRICT_PROTOTYPES = YES;
				CLANG_WARN_SUSPICIOUS_MOVE = YES;
				CLANG_WARN_UNGUARDED_AVAILABILITY = YES_AGGRESSIVE;
				CLANG_WARN_UNREACHABLE_CODE = YES;
				CLANG_WARN__DUPLICATE_METHOD_MATCH = YES;
				COPY_PHASE_STRIP = NO;
				DEBUG_INFORMATION_FORMAT = "dwarf-with-dsym";
				DEVELOPMENT_TEAM = 9YX9U5ZXNH;
				ENABLE_NS_ASSERTIONS = NO;
				ENABLE_STRICT_OBJC_MSGSEND = YES;
				ENABLE_USER_SCRIPT_SANDBOXING = YES;
				GCC_C_LANGUAGE_STANDARD = gnu17;
				GCC_NO_COMMON_BLOCKS = YES;
				GCC_WARN_64_TO_32_BIT_CONVERSION = YES;
				GCC_WARN_ABOUT_RETURN_TYPE = YES_ERROR;
				GCC_WARN_UNDECLARED_SELECTOR = YES;
				GCC_WARN_UNINITIALIZED_AUTOS = YES_AGGRESSIVE;
				GCC_WARN_UNUSED_FUNCTION = YES;
				GCC_WARN_UNUSED_VARIABLE = YES;
				IPHONEOS_DEPLOYMENT_TARGET = 26.2;
				LOCALIZATION_PREFERS_STRING_CATALOGS = YES;
				MTL_ENABLE_DEBUG_INFO = NO;
				MTL_FAST_MATH = YES;
				SDKROOT = iphoneos;
				SWIFT_COMPILATION_MODE = wholemodule;
				VALIDATE_PRODUCT = YES;
			};
			name = Release;
		};
		DD2A33142F4B356A00B6F845 /* Debug */ = {
			isa = XCBuildConfiguration;
			buildSettings = {
				ASSETCATALOG_COMPILER_APPICON_NAME = AppIcon;
				ASSETCATALOG_COMPILER_GLOBAL_ACCENT_COLOR_NAME = AccentColor;
				CODE_SIGN_STYLE = Automatic;
				CURRENT_PROJECT_VERSION = 1;
				DEVELOPMENT_TEAM = 9YX9U5ZXNH;
				ENABLE_PREVIEWS = YES;
				GENERATE_INFOPLIST_FILE = YES;
				INFOPLIST_KEY_UIApplicationSceneManifest_Generation = YES;
				INFOPLIST_KEY_UIApplicationSupportsIndirectInputEvents = YES;
				INFOPLIST_KEY_UILaunchScreen_Generation = YES;
				INFOPLIST_KEY_UISupportedInterfaceOrientations_iPad = "UIInterfaceOrientationPortrait UIInterfaceOrientationPortraitUpsideDown UIInterfaceOrientationLandscapeLeft UIInterfaceOrientationLandscapeRight";
				INFOPLIST_KEY_UISupportedInterfaceOrientations_iPhone = "UIInterfaceOrientationPortrait UIInterfaceOrientationLandscapeLeft UIInterfaceOrientationLandscapeRight";
				LD_RUNPATH_SEARCH_PATHS = (
					"$(inherited)",
					"@executable_path/Frameworks",
				);
				MARKETING_VERSION = 1.0;
				PRODUCT_BUNDLE_IDENTIFIER = "jonas.Travel-hub";
				PRODUCT_NAME = "$(TARGET_NAME)";
				STRING_CATALOG_GENERATE_SYMBOLS = YES;
				SWIFT_APPROACHABLE_CONCURRENCY = YES;
				SWIFT_DEFAULT_ACTOR_ISOLATION = MainActor;
				SWIFT_EMIT_LOC_STRINGS = YES;
				SWIFT_UPCOMING_FEATURE_MEMBER_IMPORT_VISIBILITY = YES;
				SWIFT_VERSION = 5.0;
				TARGETED_DEVICE_FAMILY = "1,2";
			};
			name = Debug;
		};
		DD2A33152F4B356A00B6F845 /* Release */ = {
			isa = XCBuildConfiguration;
			buildSettings = {
				ASSETCATALOG_COMPILER_APPICON_NAME = AppIcon;
				ASSETCATALOG_COMPILER_GLOBAL_ACCENT_COLOR_NAME = AccentColor;
				CODE_SIGN_STYLE = Automatic;
				CURRENT_PROJECT_VERSION = 1;
				DEVELOPMENT_TEAM = 9YX9U5ZXNH;
				ENABLE_PREVIEWS = YES;
				GENERATE_INFOPLIST_FILE = YES;
				INFOPLIST_KEY_UIApplicationSceneManifest_Generation = YES;
				INFOPLIST_KEY_UIApplicationSupportsIndirectInputEvents = YES;
				INFOPLIST_KEY_UILaunchScreen_Generation = YES;
				INFOPLIST_KEY_UISupportedInterfaceOrientations_iPad = "UIInterfaceOrientationPortrait UIInterfaceOrientationPortraitUpsideDown UIInterfaceOrientationLandscapeLeft UIInterfaceOrientationLandscapeRight";
				INFOPLIST_KEY_UISupportedInterfaceOrientations_iPhone = "UIInterfaceOrientationPortrait UIInterfaceOrientationLandscapeLeft UIInterfaceOrientationLandscapeRight";
				LD_RUNPATH_SEARCH_PATHS = (
					"$(inherited)",
					"@executable_path/Frameworks",
				);
				MARKETING_VERSION = 1.0;
				PRODUCT_BUNDLE_IDENTIFIER = "jonas.Travel-hub";
				PRODUCT_NAME = "$(TARGET_NAME)";
				STRING_CATALOG_GENERATE_SYMBOLS = YES;
				SWIFT_APPROACHABLE_CONCURRENCY = YES;
				SWIFT_DEFAULT_ACTOR_ISOLATION = MainActor;
				SWIFT_EMIT_LOC_STRINGS = YES;
				SWIFT_UPCOMING_FEATURE_MEMBER_IMPORT_VISIBILITY = YES;
				SWIFT_VERSION = 5.0;
				TARGETED_DEVICE_FAMILY = "1,2";
			};
			name = Release;
		};
		DD2A33172F4B356A00B6F845 /* Debug */ = {
			isa = XCBuildConfiguration;
			buildSettings = {
				BUNDLE_LOADER = "$(TEST_HOST)";
				CODE_SIGN_STYLE = Automatic;
				CURRENT_PROJECT_VERSION = 1;
				DEVELOPMENT_TEAM = 9YX9U5ZXNH;
				GENERATE_INFOPLIST_FILE = YES;
				IPHONEOS_DEPLOYMENT_TARGET = 26.2;
				MARKETING_VERSION = 1.0;
				PRODUCT_BUNDLE_IDENTIFIER = "jonas.Travel-hubTests";
				PRODUCT_NAME = "$(TARGET_NAME)";
				STRING_CATALOG_GENERATE_SYMBOLS = NO;
				SWIFT_APPROACHABLE_CONCURRENCY = YES;
				SWIFT_EMIT_LOC_STRINGS = NO;
				SWIFT_UPCOMING_FEATURE_MEMBER_IMPORT_VISIBILITY = YES;
				SWIFT_VERSION = 5.0;
				TARGETED_DEVICE_FAMILY = "1,2";
				TEST_HOST = "$(BUILT_PRODUCTS_DIR)/Travel-hub.app/$(BUNDLE_EXECUTABLE_FOLDER_PATH)/Travel-hub";
			};
			name = Debug;
		};
		DD2A33182F4B356A00B6F845 /* Release */ = {
			isa = XCBuildConfiguration;
			buildSettings = {
				BUNDLE_LOADER = "$(TEST_HOST)";
				CODE_SIGN_STYLE = Automatic;
				CURRENT_PROJECT_VERSION = 1;
				DEVELOPMENT_TEAM = 9YX9U5ZXNH;
				GENERATE_INFOPLIST_FILE = YES;
				IPHONEOS_DEPLOYMENT_TARGET = 26.2;
				MARKETING_VERSION = 1.0;
				PRODUCT_BUNDLE_IDENTIFIER = "jonas.Travel-hubTests";
				PRODUCT_NAME = "$(TARGET_NAME)";
				STRING_CATALOG_GENERATE_SYMBOLS = NO;
				SWIFT_APPROACHABLE_CONCURRENCY = YES;
				SWIFT_EMIT_LOC_STRINGS = NO;
				SWIFT_UPCOMING_FEATURE_MEMBER_IMPORT_VISIBILITY = YES;
				SWIFT_VERSION = 5.0;
				TARGETED_DEVICE_FAMILY = "1,2";
				TEST_HOST = "$(BUILT_PRODUCTS_DIR)/Travel-hub.app/$(BUNDLE_EXECUTABLE_FOLDER_PATH)/Travel-hub";
			};
			name = Release;
		};
		DD2A331A2F4B356A00B6F845 /* Debug */ = {
			isa = XCBuildConfiguration;
			buildSettings = {
				CODE_SIGN_STYLE = Automatic;
				CURRENT_PROJECT_VERSION = 1;
				DEVELOPMENT_TEAM = 9YX9U5ZXNH;
				GENERATE_INFOPLIST_FILE = YES;
				MARKETING_VERSION = 1.0;
				PRODUCT_BUNDLE_IDENTIFIER = "jonas.Travel-hubUITests";
				PRODUCT_NAME = "$(TARGET_NAME)";
				STRING_CATALOG_GENERATE_SYMBOLS = NO;
				SWIFT_APPROACHABLE_CONCURRENCY = YES;
				SWIFT_EMIT_LOC_STRINGS = NO;
				SWIFT_UPCOMING_FEATURE_MEMBER_IMPORT_VISIBILITY = YES;
				SWIFT_VERSION = 5.0;
				TARGETED_DEVICE_FAMILY = "1,2";
				TEST_TARGET_NAME = "Travel-hub";
			};
			name = Debug;
		};
		DD2A331B2F4B356A00B6F845 /* Release */ = {
			isa = XCBuildConfiguration;
			buildSettings = {
				CODE_SIGN_STYLE = Automatic;
				CURRENT_PROJECT_VERSION = 1;
				DEVELOPMENT_TEAM = 9YX9U5ZXNH;
				GENERATE_INFOPLIST_FILE = YES;
				MARKETING_VERSION = 1.0;
				PRODUCT_BUNDLE_IDENTIFIER = "jonas.Travel-hubUITests";
				PRODUCT_NAME = "$(TARGET_NAME)";
				STRING_CATALOG_GENERATE_SYMBOLS = NO;
				SWIFT_APPROACHABLE_CONCURRENCY = YES;
				SWIFT_EMIT_LOC_STRINGS = NO;
				SWIFT_UPCOMING_FEATURE_MEMBER_IMPORT_VISIBILITY = YES;
				SWIFT_VERSION = 5.0;
				TARGETED_DEVICE_FAMILY = "1,2";
				TEST_TARGET_NAME = "Travel-hub";
			};
			name = Release;
		};
/* End XCBuildConfiguration section */

/* Begin XCConfigurationList section */
		DD2A32EB2F4B356900B6F845 /* Build configuration list for PBXProject "Travel-hub" */ = {
			isa = XCConfigurationList;
			buildConfigurations = (
				DD2A33112F4B356A00B6F845 /* Debug */,
				DD2A33122F4B356A00B6F845 /* Release */,
			);
			defaultConfigurationIsVisible = 0;
			defaultConfigurationName = Release;
		};
		DD2A33132F4B356A00B6F845 /* Build configuration list for PBXNativeTarget "Travel-hub" */ = {
			isa = XCConfigurationList;
			buildConfigurations = (
				DD2A33142F4B356A00B6F845 /* Debug */,
				DD2A33152F4B356A00B6F845 /* Release */,
			);
			defaultConfigurationIsVisible = 0;
			defaultConfigurationName = Release;
		};
		DD2A33162F4B356A00B6F845 /* Build configuration list for PBXNativeTarget "Travel-hubTests" */ = {
			isa = XCConfigurationList;
			buildConfigurations = (
				DD2A33172F4B356A00B6F845 /* Debug */,
				DD2A33182F4B356A00B6F845 /* Release */,
			);
			defaultConfigurationIsVisible = 0;
			defaultConfigurationName = Release;
		};
		DD2A33192F4B356A00B6F845 /* Build configuration list for PBXNativeTarget "Travel-hubUITests" */ = {
			isa = XCConfigurationList;
			buildConfigurations = (
				DD2A331A2F4B356A00B6F845 /* Debug */,
				DD2A331B2F4B356A00B6F845 /* Release */,
			);
			defaultConfigurationIsVisible = 0;
			defaultConfigurationName = Release;
		};
/* End XCConfigurationList section */
	};
	rootObject = DD2A32E82F4B356900B6F845 /* Project object */;
}
